
Microsoft Visual Studio Solution File, Format Version 12.00
Project("{2150E333-8FDC-42A3-9474-1A3956D46DE8}") = "src", "src", "{150643E2-88B8-425B-93A4-B0F50F6B1380}"
EndProject
Project("{2150E333-8FDC-42A3-9474-1A3956D46DE8}") = "test", "test", "{1AFCF637-037C-4B5B-83E1-CB0FC82B53ED}"
EndProject
Project("{2150E333-8FDC-42A3-9474-1A3956D46DE8}") = "core", "core", "{BD40C290-5CD0-4BC5-8116-CC14A9D82429}"
EndProject
Project("{2150E333-8FDC-42A3-9474-1A3956D46DE8}") = "Infastructure", "Infastructure", "{5027627A-5A1C-4FE1-9FA6-F20DEDB8518A}"
EndProject
Project("{2150E333-8FDC-42A3-9474-1A3956D46DE8}") = "api", "api", "{3FC3C433-BFC6-460B-8733-60FF4C504040}"
EndProject
Project("{FAE04EC0-301F-11D3-BF4B-00C04F79EFBC}") = "pagecom.email.api", "pagecom.email.api\pagecom.email.api.csproj", "{B85D7A77-70FD-4B6C-83B1-A8DD425C6780}"
EndProject
Project("{2150E333-8FDC-42A3-9474-1A3956D46DE8}") = "domain", "domain", "{A57920DB-3342-442F-9241-119F16D062D3}"
EndProject
Project("{2150E333-8FDC-42A3-9474-1A3956D46DE8}") = "application", "application", "{30734042-43F6-46AC-8ABB-C225594D05E5}"
EndProject
Project("{FAE04EC0-301F-11D3-BF4B-00C04F79EFBC}") = "pagecom.email.application", "pagecom.email.application\pagecom.email.application.csproj", "{FAD3B62D-8C0F-4BF8-A7E0-1E313832C73A}"
EndProject
Project("{2150E333-8FDC-42A3-9474-1A3956D46DE8}") = "data", "data", "{D20FC09A-6DA6-4023-B077-3B68F904EF5C}"
EndProject
Project("{2150E333-8FDC-42A3-9474-1A3956D46DE8}") = "infa", "infa", "{49F10201-3131-49BD-8E3E-25748234AFA5}"
EndProject
Project("{FAE04EC0-301F-11D3-BF4B-00C04F79EFBC}") = "pagecom.email.data", "pagecom.email.data\pagecom.email.data.csproj", "{F42F92F0-0D9D-4EE9-9D98-5638839773AD}"
EndProject
Project("{FAE04EC0-301F-11D3-BF4B-00C04F79EFBC}") = "pagecom.email.infastructure", "pagecom.email.infastructure\pagecom.email.infastructure.csproj", "{4C8AF356-634D-442A-A052-D522471D2AD8}"
EndProject
Project("{FAE04EC0-301F-11D3-BF4B-00C04F79EFBC}") = "pagecom.common", "pagecom.common\pagecom.common.csproj", "{A2970916-C24B-46B6-ACF2-DF9EBE57D316}"
EndProject
Global
	GlobalSection(SolutionConfigurationPlatforms) = preSolution
		Debug|Any CPU = Debug|Any CPU
		Release|Any CPU = Release|Any CPU
	EndGlobalSection
	GlobalSection(NestedProjects) = preSolution
		{BD40C290-5CD0-4BC5-8116-CC14A9D82429} = {150643E2-88B8-425B-93A4-B0F50F6B1380}
		{5027627A-5A1C-4FE1-9FA6-F20DEDB8518A} = {150643E2-88B8-425B-93A4-B0F50F6B1380}
		{3FC3C433-BFC6-460B-8733-60FF4C504040} = {150643E2-88B8-425B-93A4-B0F50F6B1380}
		{B85D7A77-70FD-4B6C-83B1-A8DD425C6780} = {3FC3C433-BFC6-460B-8733-60FF4C504040}
		{A57920DB-3342-442F-9241-119F16D062D3} = {BD40C290-5CD0-4BC5-8116-CC14A9D82429}
		{30734042-43F6-46AC-8ABB-C225594D05E5} = {BD40C290-5CD0-4BC5-8116-CC14A9D82429}
		{FAD3B62D-8C0F-4BF8-A7E0-1E313832C73A} = {30734042-43F6-46AC-8ABB-C225594D05E5}
		{D20FC09A-6DA6-4023-B077-3B68F904EF5C} = {5027627A-5A1C-4FE1-9FA6-F20DEDB8518A}
		{49F10201-3131-49BD-8E3E-25748234AFA5} = {5027627A-5A1C-4FE1-9FA6-F20DEDB8518A}
		{F42F92F0-0D9D-4EE9-9D98-5638839773AD} = {D20FC09A-6DA6-4023-B077-3B68F904EF5C}
		{4C8AF356-634D-442A-A052-D522471D2AD8} = {49F10201-3131-49BD-8E3E-25748234AFA5}
	EndGlobalSection
	GlobalSection(ProjectConfigurationPlatforms) = postSolution
		{B85D7A77-70FD-4B6C-83B1-A8DD425C6780}.Debug|Any CPU.ActiveCfg = Debug|Any CPU
		{B85D7A77-70FD-4B6C-83B1-A8DD425C6780}.Debug|Any CPU.Build.0 = Debug|Any CPU
		{B85D7A77-70FD-4B6C-83B1-A8DD425C6780}.Release|Any CPU.ActiveCfg = Release|Any CPU
		{B85D7A77-70FD-4B6C-83B1-A8DD425C6780}.Release|Any CPU.Build.0 = Release|Any CPU
		{FAD3B62D-8C0F-4BF8-A7E0-1E313832C73A}.Debug|Any CPU.ActiveCfg = Debug|Any CPU
		{FAD3B62D-8C0F-4BF8-A7E0-1E313832C73A}.Debug|Any CPU.Build.0 = Debug|Any CPU
		{FAD3B62D-8C0F-4BF8-A7E0-1E313832C73A}.Release|Any CPU.ActiveCfg = Release|Any CPU
		{FAD3B62D-8C0F-4BF8-A7E0-1E313832C73A}.Release|Any CPU.Build.0 = Release|Any CPU
		{F42F92F0-0D9D-4EE9-9D98-5638839773AD}.Debug|Any CPU.ActiveCfg = Debug|Any CPU
		{F42F92F0-0D9D-4EE9-9D98-5638839773AD}.Debug|Any CPU.Build.0 = Debug|Any CPU
		{F42F92F0-0D9D-4EE9-9D98-5638839773AD}.Release|Any CPU.ActiveCfg = Release|Any CPU
		{F42F92F0-0D9D-4EE9-9D98-5638839773AD}.Release|Any CPU.Build.0 = Release|Any CPU
		{4C8AF356-634D-442A-A052-D522471D2AD8}.Debug|Any CPU.ActiveCfg = Debug|Any CPU
		{4C8AF356-634D-442A-A052-D522471D2AD8}.Debug|Any CPU.Build.0 = Debug|Any CPU
		{4C8AF356-634D-442A-A052-D522471D2AD8}.Release|Any CPU.ActiveCfg = Release|Any CPU
		{4C8AF356-634D-442A-A052-D522471D2AD8}.Release|Any CPU.Build.0 = Release|Any CPU
		{A2970916-C24B-46B6-ACF2-DF9EBE57D316}.Debug|Any CPU.ActiveCfg = Debug|Any CPU
		{A2970916-C24B-46B6-ACF2-DF9EBE57D316}.Debug|Any CPU.Build.0 = Debug|Any CPU
		{A2970916-C24B-46B6-ACF2-DF9EBE57D316}.Release|Any CPU.ActiveCfg = Release|Any CPU
		{A2970916-C24B-46B6-ACF2-DF9EBE57D316}.Release|Any CPU.Build.0 = Release|Any CPU
	EndGlobalSection
EndGlobal
